
Microsoft Visual Studio Solution File, Format Version 12.00
# Visual Studio Version 17
VisualStudioVersion = 17.2.32630.192
MinimumVisualStudioVersion = 10.0.40219.1
Project("{9A19103F-16F7-4668-BE54-9A1E7A4F7556}") = "Day01Problem1", "Day01\Day01Problem1\Day01Problem1.csproj", "{10C5242E-BFEF-4EBC-8994-0B86ABAD11C2}"
EndProject
Project("{9A19103F-16F7-4668-BE54-9A1E7A4F7556}") = "Day01Problem2", "Day01\Day01Problem2\Day01Problem2.csproj", "{FA98EB26-6D4C-4798-909D-1A819DC2BF8D}"
EndProject
Project("{9A19103F-16F7-4668-BE54-9A1E7A4F7556}") = "Day02Problem1", "Day02\Day02Problem1\Day02Problem1.csproj", "{BED9D1ED-9EF2-42CA-92AC-6560F8160E3E}"
EndProject
Project("{9A19103F-16F7-4668-BE54-9A1E7A4F7556}") = "Day02Problem2", "Day02\Day02Problem2\Day02Problem2.csproj", "{06038053-339C-41E7-8D81-E74124B92D55}"
EndProject
Project("{9A19103F-16F7-4668-BE54-9A1E7A4F7556}") = "Day03Problem1", "Day03\Day03Problem1\Day03Problem1.csproj", "{8BF22CC9-F6FC-4FE6-9B2B-FBC2A9829B2D}"
EndProject
Project("{9A19103F-16F7-4668-BE54-9A1E7A4F7556}") = "Day03Problem2", "Day03\Day03Problem2\Day03Problem2.csproj", "{172667C4-DAE6-4635-BABC-8474FCF1A1C3}"
EndProject
Project("{9A19103F-16F7-4668-BE54-9A1E7A4F7556}") = "Day04Problem1", "Day04\Day04Problem1\Day04Problem1.csproj", "{9D302E61-95A1-417F-BE6A-EACDE5BC2A06}"
EndProject
Project("{9A19103F-16F7-4668-BE54-9A1E7A4F7556}") = "Day04Problem2", "Day04\Day04Problem2\Day04Problem2.csproj", "{9ADCE67A-00C0-4AF1-A0F7-FCF42FA72929}"
EndProject
Project("{9A19103F-16F7-4668-BE54-9A1E7A4F7556}") = "Day05Problem1", "Day05\Day05Problem1\Day05Problem1.csproj", "{3BBA02C1-6DED-4D1B-8752-CD4472CFD44E}"
EndProject
Project("{9A19103F-16F7-4668-BE54-9A1E7A4F7556}") = "Day05Problem2", "Day05\Day05Problem2\Day05Problem2.csproj", "{7C87AE33-166C-43E9-9EFA-D7568AC6C653}"
EndProject
Project("{9A19103F-16F7-4668-BE54-9A1E7A4F7556}") = "Day06Problem1", "Day06\Day06Problem1\Day06Problem1.csproj", "{EE59CDEE-69FC-4733-BFB8-91132E9D536A}"
EndProject
Project("{9A19103F-16F7-4668-BE54-9A1E7A4F7556}") = "Day06Problem2", "Day06\Day06Problem2\Day06Problem2.csproj", "{C76D741D-1877-4D0F-A476-812A8191FAC4}"
EndProject
Project("{9A19103F-16F7-4668-BE54-9A1E7A4F7556}") = "Day07Problem1", "Day07\Day07Problem1\Day07Problem1.csproj", "{C2C2A178-1C0C-4022-87FA-43D1FD91C84F}"
EndProject
Project("{9A19103F-16F7-4668-BE54-9A1E7A4F7556}") = "Day07Problem2", "Day07\Day07Problem2\Day07Problem2.csproj", "{6FF71619-57D2-4842-9BD7-71CA0854AE64}"
EndProject
Project("{9A19103F-16F7-4668-BE54-9A1E7A4F7556}") = "Day08Problem1", "Day08\Day08Problem1\Day08Problem1.csproj", "{219587EF-6D62-41C5-9B70-A5CC3E4943CF}"
EndProject
Project("{9A19103F-16F7-4668-BE54-9A1E7A4F7556}") = "Day08Problem2", "Day08\Day08Problem2\Day08Problem2.csproj", "{C411FC6A-552F-4D0F-9CFF-4DE518C58CF0}"
EndProject
Project("{9A19103F-16F7-4668-BE54-9A1E7A4F7556}") = "Day09Problem1", "Day09\Day09Problem1\Day09Problem1.csproj", "{35EAB89A-21F7-4707-9F39-9E2CD16AC331}"
EndProject
Project("{9A19103F-16F7-4668-BE54-9A1E7A4F7556}") = "Day09Problem2", "Day09\Day09Problem2\Day09Problem2.csproj", "{3480F29E-2F12-418D-A19B-547CEBE813F3}"
EndProject
Project("{9A19103F-16F7-4668-BE54-9A1E7A4F7556}") = "Day10Problem1", "Day10\Day10Problem1\Day10Problem1.csproj", "{7B5FBE3A-0DA4-4871-A724-BD3C6E26E3D8}"
EndProject
Project("{9A19103F-16F7-4668-BE54-9A1E7A4F7556}") = "Day10Problem2", "Day10\Day10Problem2\Day10Problem2.csproj", "{CAF16320-A274-413B-99BB-2FB7E5C22EFC}"
EndProject
Project("{9A19103F-16F7-4668-BE54-9A1E7A4F7556}") = "Day11Problem1", "Day11\Day11Problem1\Day11Problem1.csproj", "{F1AED988-84E9-45C5-859B-5B86032D162E}"
EndProject
Project("{9A19103F-16F7-4668-BE54-9A1E7A4F7556}") = "Day11Problem2", "Day11\Day11Problem2\Day11Problem2.csproj", "{AF153ED8-85F8-47F0-889C-B2540DABD6C5}"
EndProject
Project("{9A19103F-16F7-4668-BE54-9A1E7A4F7556}") = "Day12Problem1", "Day12\Day12Problem1\Day12Problem1.csproj", "{C49F54B8-36DB-47E0-9A37-1F84E39897DA}"
EndProject
Project("{9A19103F-16F7-4668-BE54-9A1E7A4F7556}") = "Day12Problem2", "Day12\Day12Problem2\Day12Problem2.csproj", "{590E226C-F99D-42A4-8E74-24C84D794B91}"
EndProject
Project("{9A19103F-16F7-4668-BE54-9A1E7A4F7556}") = "Day13Problem1", "Day13\Day13Problem1\Day13Problem1.csproj", "{ED537FB4-6D95-42C1-B3EB-87DBBB3F12D2}"
EndProject
Project("{9A19103F-16F7-4668-BE54-9A1E7A4F7556}") = "Day13Problem2", "Day13\Day13Problem2\Day13Problem2.csproj", "{395D288F-EF29-40A1-8F6D-B0ED07FE10EA}"
EndProject
Project("{9A19103F-16F7-4668-BE54-9A1E7A4F7556}") = "Day14Problem1", "Day14\Day14Problem1\Day14Problem1.csproj", "{CB8303B8-05D3-4550-9BC7-94401C3BACD4}"
EndProject
Project("{9A19103F-16F7-4668-BE54-9A1E7A4F7556}") = "Day14Problem2", "Day14\Day14Problem2\Day14Problem2.csproj", "{C004F2E7-43DF-44D6-8F46-B66ECB19CD7C}"
EndProject
Project("{2150E333-8FDC-42A3-9474-1A3956D46DE8}") = "Solution Items", "Solution Items", "{DD7EF71B-1F1D-479D-A33B-842DD21E6363}"
	ProjectSection(SolutionItems) = preProject
		.gitignore = .gitignore
		README.md = README.md
	EndProjectSection
EndProject
Project("{9A19103F-16F7-4668-BE54-9A1E7A4F7556}") = "Day15Problem1", "Day15\Day15Problem1\Day15Problem1.csproj", "{14B0741B-0181-442E-A3A3-D335932CD929}"
EndProject
Project("{9A19103F-16F7-4668-BE54-9A1E7A4F7556}") = "Day15Problem2", "Day15\Day15Problem2\Day15Problem2.csproj", "{3424B2D3-5753-4EB4-B9CA-5EF92A2F961A}"
EndProject
Project("{2150E333-8FDC-42A3-9474-1A3956D46DE8}") = "Day01", "Day01", "{14F8F406-7E23-4A19-9FD6-3BEEC5E560D4}"
EndProject
Project("{2150E333-8FDC-42A3-9474-1A3956D46DE8}") = "Day02", "Day02", "{A42A62A6-4CDD-4EDA-B6FB-DD30D822399B}"
EndProject
Project("{2150E333-8FDC-42A3-9474-1A3956D46DE8}") = "Day03", "Day03", "{F6426D58-178C-4415-AADD-8575578643B5}"
EndProject
Project("{2150E333-8FDC-42A3-9474-1A3956D46DE8}") = "Day04", "Day04", "{43FDBF2B-347A-4FBE-88CF-D06D315D6F39}"
EndProject
Project("{2150E333-8FDC-42A3-9474-1A3956D46DE8}") = "Day05", "Day05", "{0E2D70CF-C3FA-42E2-A166-5B98EC9571E4}"
EndProject
Project("{2150E333-8FDC-42A3-9474-1A3956D46DE8}") = "Day06", "Day06", "{6841F03C-BD8B-44DB-9422-5DDFD5068FD5}"
EndProject
Project("{2150E333-8FDC-42A3-9474-1A3956D46DE8}") = "Day07", "Day07", "{3868E12D-0876-4F05-8EC8-A0BAB0793823}"
EndProject
Project("{2150E333-8FDC-42A3-9474-1A3956D46DE8}") = "Day08", "Day08", "{44A40C36-1984-4DCE-9B44-291E66B82F42}"
EndProject
Project("{2150E333-8FDC-42A3-9474-1A3956D46DE8}") = "Day09", "Day09", "{BAD4D0F6-17EF-465B-9F82-7CA807C94767}"
EndProject
Project("{2150E333-8FDC-42A3-9474-1A3956D46DE8}") = "Day10", "Day10", "{81977F6C-9F8E-46E8-AA84-C4FC3B439660}"
EndProject
Project("{2150E333-8FDC-42A3-9474-1A3956D46DE8}") = "Day11", "Day11", "{F8F45D08-6135-4045-9BB1-A96B66C9D280}"
EndProject
Project("{2150E333-8FDC-42A3-9474-1A3956D46DE8}") = "Day12", "Day12", "{E804F443-FADC-4047-AB19-392035675614}"
EndProject
Project("{2150E333-8FDC-42A3-9474-1A3956D46DE8}") = "Day13", "Day13", "{AD3DFB03-AFA7-4B3D-9D25-E85999D1A978}"
EndProject
Project("{2150E333-8FDC-42A3-9474-1A3956D46DE8}") = "Day14", "Day14", "{946C5B80-E5E4-4393-9A5D-D87CDEAEDCFF}"
EndProject
Project("{2150E333-8FDC-42A3-9474-1A3956D46DE8}") = "Day15", "Day15", "{56364053-64F3-4A91-AB37-C1DE1DDDAC92}"
EndProject
Project("{9A19103F-16F7-4668-BE54-9A1E7A4F7556}") = "Day01Problem1.UnitTests", "Day01\Day01Problem1.UnitTests\Day01Problem1.UnitTests.csproj", "{78260FCB-D151-4375-B148-88CFF8C161AC}"
EndProject
Project("{2150E333-8FDC-42A3-9474-1A3956D46DE8}") = "Day16", "Day16", "{A3804D3B-D560-4CF7-8B04-B3A768BFA510}"
EndProject
Project("{9A19103F-16F7-4668-BE54-9A1E7A4F7556}") = "Day16Problem1", "Day16\Day16Problem1\Day16Problem1.csproj", "{0985F528-D612-4939-816D-327AF82FB0D8}"
EndProject
Project("{9A19103F-16F7-4668-BE54-9A1E7A4F7556}") = "Day16Problem2", "Day16\Day16Problem2\Day16Problem2.csproj", "{1ED695BE-ACF5-4EDA-B011-AF7E027944E4}"
EndProject
Project("{9A19103F-16F7-4668-BE54-9A1E7A4F7556}") = "Day17Problem1", "Day17\Day17Problem1\Day17Problem1.csproj", "{5E3F712B-CDEE-4C1F-B8FF-B79AF4E1EF39}"
EndProject
Project("{2150E333-8FDC-42A3-9474-1A3956D46DE8}") = "Day17", "Day17", "{6431BFD6-8B65-4D20-82CD-5B715FC8F3B4}"
EndProject
Project("{9A19103F-16F7-4668-BE54-9A1E7A4F7556}") = "Day17Problem2", "Day17\Day17Problem2\Day17Problem2.csproj", "{7D201275-096D-48DB-8F5F-DC3CC3BDE044}"
EndProject
Project("{2150E333-8FDC-42A3-9474-1A3956D46DE8}") = "Day18", "Day18", "{E7D00C4B-17AE-4A07-BAF8-54E475AD047D}"
EndProject
Project("{9A19103F-16F7-4668-BE54-9A1E7A4F7556}") = "Day18Problem1", "Day18\Day18Problem1\Day18Problem1.csproj", "{9D4F0CB1-CC35-4A39-B741-60279B23CA30}"
EndProject
Project("{9A19103F-16F7-4668-BE54-9A1E7A4F7556}") = "Day18Problem2", "Day18\Day18Problem2\Day18Problem2.csproj", "{9AC5A049-8DD8-4F10-8E1E-3DD4855FE164}"
EndProject
Project("{2150E333-8FDC-42A3-9474-1A3956D46DE8}") = "Day19", "Day19", "{2A33510E-51D0-4A25-BD6C-B62570F114FF}"
EndProject
Project("{9A19103F-16F7-4668-BE54-9A1E7A4F7556}") = "Day19Problem1", "Day19\Day19Problem1\Day19Problem1.csproj", "{782F510B-A89D-467C-BE6A-2B70EB1FFA17}"
EndProject
Project("{9A19103F-16F7-4668-BE54-9A1E7A4F7556}") = "Day19Problem2", "Day19\Day19Problem2\Day19Problem2.csproj", "{5000B106-EC3B-41BD-893C-085EC5B185CD}"
EndProject
Project("{2150E333-8FDC-42A3-9474-1A3956D46DE8}") = "Day20", "Day20", "{8B02493D-8792-4B72-BE6B-3536FF7E4E33}"
EndProject
Project("{9A19103F-16F7-4668-BE54-9A1E7A4F7556}") = "Day20Problem1", "Day20\Day20Problem1\Day20Problem1.csproj", "{6218A287-9190-4036-9621-DA9EBDA6F418}"
EndProject
Project("{9A19103F-16F7-4668-BE54-9A1E7A4F7556}") = "Day20Problem2", "Day20\Day20Problem2\Day20Problem2.csproj", "{7AA08F35-C1F1-412C-B926-0E1313353980}"
EndProject
Project("{2150E333-8FDC-42A3-9474-1A3956D46DE8}") = "Day21", "Day21", "{ECAC9CA6-FAF5-4CA0-967D-D114044D3BC6}"
EndProject
Project("{9A19103F-16F7-4668-BE54-9A1E7A4F7556}") = "Day21Problem1", "Day21\Day21Problem1\Day21Problem1.csproj", "{AA562DA7-1347-470B-B566-3FDC1D678807}"
EndProject
Project("{9A19103F-16F7-4668-BE54-9A1E7A4F7556}") = "Day21Problem2", "Day21\Day21Problem2\Day21Problem2.csproj", "{CDE599A2-C88F-42F7-9848-C3B7A4A073AB}"
EndProject
Project("{2150E333-8FDC-42A3-9474-1A3956D46DE8}") = "Day22", "Day22", "{E6EF969A-2984-4911-A6C2-3EBCC8F79D5F}"
EndProject
Project("{9A19103F-16F7-4668-BE54-9A1E7A4F7556}") = "Day22Problem1", "Day22\Day22Problem1\Day22Problem1.csproj", "{1FCD2A92-5863-4DDB-AEB3-5CA20DD9210C}"
EndProject
Project("{9A19103F-16F7-4668-BE54-9A1E7A4F7556}") = "Day22Problem2", "Day22\Day22Problem2\Day22Problem2.csproj", "{551ED7C8-AAB2-4A9A-AE2A-DA64F8324268}"
EndProject
Project("{2150E333-8FDC-42A3-9474-1A3956D46DE8}") = "Day23", "Day23", "{FB53256C-546E-4D67-84EB-94696FECD853}"
EndProject
Project("{9A19103F-16F7-4668-BE54-9A1E7A4F7556}") = "Day23Problem1", "Day23\Day23Problem1\Day23Problem1.csproj", "{C7B6B6BD-41C3-43DE-AABF-87FC666329D0}"
EndProject
Project("{9A19103F-16F7-4668-BE54-9A1E7A4F7556}") = "Day23Problem2", "Day23\Day23Problem2\Day23Problem2.csproj", "{D04427DC-CACD-41B7-B10C-E6DEC434FECE}"
EndProject
Project("{2150E333-8FDC-42A3-9474-1A3956D46DE8}") = "Day24", "Day24", "{975FBE3F-0709-47BF-90CC-31E0C1485FF4}"
EndProject
Project("{9A19103F-16F7-4668-BE54-9A1E7A4F7556}") = "Day24Problem1", "Day24\Day24Problem1\Day24Problem1.csproj", "{9C8D87DC-E72D-48F2-B315-D478E455598C}"
EndProject
Project("{2150E333-8FDC-42A3-9474-1A3956D46DE8}") = "Day25", "Day25", "{0FA9F4D3-A74D-49C7-82C2-EDA17783B860}"
EndProject
Project("{9A19103F-16F7-4668-BE54-9A1E7A4F7556}") = "Day25Problem1", "Day25\Day25Problem1\Day25Problem1.csproj", "{E0587930-3EC2-4476-A26D-909EF4D30BF5}"
EndProject
Project("{9A19103F-16F7-4668-BE54-9A1E7A4F7556}") = "Day24Problem2", "Day24\Day24Problem2\Day24Problem2.csproj", "{78F51D84-48ED-4FB9-9F1F-40A27BC64E6E}"
EndProject
Project("{9A19103F-16F7-4668-BE54-9A1E7A4F7556}") = "Day01Problem2.UnitTests", "Day01\Day02Problem2.UnitTests\Day01Problem2.UnitTests.csproj", "{214B0A76-EC78-4079-B80F-48FF3E73C2FD}"
EndProject
Project("{9A19103F-16F7-4668-BE54-9A1E7A4F7556}") = "Day02Problem2.UnitTests", "Day02\Day02Problem2.UnitTests\Day02Problem2.UnitTests.csproj", "{04FC0E9D-E39E-4E7C-A4E5-12BC7D1EEED8}"
EndProject
Project("{9A19103F-16F7-4668-BE54-9A1E7A4F7556}") = "Day02Problem1.UnitTests", "Day02\Day02Problem1.UnitTests\Day02Problem1.UnitTests.csproj", "{46AE24B8-885A-4BCE-9DA0-F3EFA2D9E4D0}"
EndProject
Project("{9A19103F-16F7-4668-BE54-9A1E7A4F7556}") = "Day03Problem1.UnitTests", "Day03\Day03Problem1.UnitTests\Day03Problem1.UnitTests.csproj", "{AECDE492-B4DE-41EB-BE68-3C6F0152F1CD}"
EndProject
Project("{9A19103F-16F7-4668-BE54-9A1E7A4F7556}") = "Day03Problem2.UnitTests", "Day03\Day03Problem2.UnitTests\Day03Problem2.UnitTests.csproj", "{687009CF-BE1C-424B-81F3-3DD442A7A50D}"
EndProject
Project("{9A19103F-16F7-4668-BE54-9A1E7A4F7556}") = "Day04Problem1.UnitTests", "Day04\Day04Problem1.UnitTests\Day04Problem1.UnitTests.csproj", "{A8BD8135-1BE6-443E-A125-B2E541E7C056}"
EndProject
Project("{9A19103F-16F7-4668-BE54-9A1E7A4F7556}") = "Day04Problem2.UnitTests", "Day04\Day04Problem2.UnitTests\Day04Problem2.UnitTests.csproj", "{E6D7FAF0-AEE9-4DA5-83DC-55CB96BFBD06}"
EndProject
Project("{9A19103F-16F7-4668-BE54-9A1E7A4F7556}") = "Day05Problem1.UnitTests", "Day05\Day05Problem1.UnitTests\Day05Problem1.UnitTests.csproj", "{22FA9F47-4C84-482E-9352-33825725B1CE}"
EndProject
Project("{9A19103F-16F7-4668-BE54-9A1E7A4F7556}") = "Day05Problem2.UnitTests", "Day05\Day05Problem2.UnitTests\Day05Problem2.UnitTests.csproj", "{704D8066-5F2A-4FBE-A506-5E6C83CFE9F4}"
EndProject
Project("{FAE04EC0-301F-11D3-BF4B-00C04F79EFBC}") = "Day06Problem1.UnitTests", "Day06\Day06Problem1.UnitTests\Day06Problem1.UnitTests.csproj", "{663C346F-0D98-43AD-8591-16B607E7CF3F}"
EndProject
Global
	GlobalSection(SolutionConfigurationPlatforms) = preSolution
		Debug|Any CPU = Debug|Any CPU
		Release|Any CPU = Release|Any CPU
	EndGlobalSection
	GlobalSection(ProjectConfigurationPlatforms) = postSolution
		{10C5242E-BFEF-4EBC-8994-0B86ABAD11C2}.Debug|Any CPU.ActiveCfg = Debug|Any CPU
		{10C5242E-BFEF-4EBC-8994-0B86ABAD11C2}.Debug|Any CPU.Build.0 = Debug|Any CPU
		{10C5242E-BFEF-4EBC-8994-0B86ABAD11C2}.Release|Any CPU.ActiveCfg = Release|Any CPU
		{10C5242E-BFEF-4EBC-8994-0B86ABAD11C2}.Release|Any CPU.Build.0 = Release|Any CPU
		{FA98EB26-6D4C-4798-909D-1A819DC2BF8D}.Debug|Any CPU.ActiveCfg = Debug|Any CPU
		{FA98EB26-6D4C-4798-909D-1A819DC2BF8D}.Debug|Any CPU.Build.0 = Debug|Any CPU
		{FA98EB26-6D4C-4798-909D-1A819DC2BF8D}.Release|Any CPU.ActiveCfg = Release|Any CPU
		{FA98EB26-6D4C-4798-909D-1A819DC2BF8D}.Release|Any CPU.Build.0 = Release|Any CPU
		{BED9D1ED-9EF2-42CA-92AC-6560F8160E3E}.Debug|Any CPU.ActiveCfg = Debug|Any CPU
		{BED9D1ED-9EF2-42CA-92AC-6560F8160E3E}.Debug|Any CPU.Build.0 = Debug|Any CPU
		{BED9D1ED-9EF2-42CA-92AC-6560F8160E3E}.Release|Any CPU.ActiveCfg = Release|Any CPU
		{BED9D1ED-9EF2-42CA-92AC-6560F8160E3E}.Release|Any CPU.Build.0 = Release|Any CPU
		{06038053-339C-41E7-8D81-E74124B92D55}.Debug|Any CPU.ActiveCfg = Debug|Any CPU
		{06038053-339C-41E7-8D81-E74124B92D55}.Debug|Any CPU.Build.0 = Debug|Any CPU
		{06038053-339C-41E7-8D81-E74124B92D55}.Release|Any CPU.ActiveCfg = Release|Any CPU
		{06038053-339C-41E7-8D81-E74124B92D55}.Release|Any CPU.Build.0 = Release|Any CPU
		{8BF22CC9-F6FC-4FE6-9B2B-FBC2A9829B2D}.Debug|Any CPU.ActiveCfg = Debug|Any CPU
		{8BF22CC9-F6FC-4FE6-9B2B-FBC2A9829B2D}.Debug|Any CPU.Build.0 = Debug|Any CPU
		{8BF22CC9-F6FC-4FE6-9B2B-FBC2A9829B2D}.Release|Any CPU.ActiveCfg = Release|Any CPU
		{8BF22CC9-F6FC-4FE6-9B2B-FBC2A9829B2D}.Release|Any CPU.Build.0 = Release|Any CPU
		{172667C4-DAE6-4635-BABC-8474FCF1A1C3}.Debug|Any CPU.ActiveCfg = Debug|Any CPU
		{172667C4-DAE6-4635-BABC-8474FCF1A1C3}.Debug|Any CPU.Build.0 = Debug|Any CPU
		{172667C4-DAE6-4635-BABC-8474FCF1A1C3}.Release|Any CPU.ActiveCfg = Release|Any CPU
		{172667C4-DAE6-4635-BABC-8474FCF1A1C3}.Release|Any CPU.Build.0 = Release|Any CPU
		{9D302E61-95A1-417F-BE6A-EACDE5BC2A06}.Debug|Any CPU.ActiveCfg = Debug|Any CPU
		{9D302E61-95A1-417F-BE6A-EACDE5BC2A06}.Debug|Any CPU.Build.0 = Debug|Any CPU
		{9D302E61-95A1-417F-BE6A-EACDE5BC2A06}.Release|Any CPU.ActiveCfg = Release|Any CPU
		{9D302E61-95A1-417F-BE6A-EACDE5BC2A06}.Release|Any CPU.Build.0 = Release|Any CPU
		{9ADCE67A-00C0-4AF1-A0F7-FCF42FA72929}.Debug|Any CPU.ActiveCfg = Debug|Any CPU
		{9ADCE67A-00C0-4AF1-A0F7-FCF42FA72929}.Debug|Any CPU.Build.0 = Debug|Any CPU
		{9ADCE67A-00C0-4AF1-A0F7-FCF42FA72929}.Release|Any CPU.ActiveCfg = Release|Any CPU
		{9ADCE67A-00C0-4AF1-A0F7-FCF42FA72929}.Release|Any CPU.Build.0 = Release|Any CPU
		{3BBA02C1-6DED-4D1B-8752-CD4472CFD44E}.Debug|Any CPU.ActiveCfg = Debug|Any CPU
		{3BBA02C1-6DED-4D1B-8752-CD4472CFD44E}.Debug|Any CPU.Build.0 = Debug|Any CPU
		{3BBA02C1-6DED-4D1B-8752-CD4472CFD44E}.Release|Any CPU.ActiveCfg = Release|Any CPU
		{3BBA02C1-6DED-4D1B-8752-CD4472CFD44E}.Release|Any CPU.Build.0 = Release|Any CPU
		{7C87AE33-166C-43E9-9EFA-D7568AC6C653}.Debug|Any CPU.ActiveCfg = Debug|Any CPU
		{7C87AE33-166C-43E9-9EFA-D7568AC6C653}.Debug|Any CPU.Build.0 = Debug|Any CPU
		{7C87AE33-166C-43E9-9EFA-D7568AC6C653}.Release|Any CPU.ActiveCfg = Release|Any CPU
		{7C87AE33-166C-43E9-9EFA-D7568AC6C653}.Release|Any CPU.Build.0 = Release|Any CPU
		{EE59CDEE-69FC-4733-BFB8-91132E9D536A}.Debug|Any CPU.ActiveCfg = Debug|Any CPU
		{EE59CDEE-69FC-4733-BFB8-91132E9D536A}.Debug|Any CPU.Build.0 = Debug|Any CPU
		{EE59CDEE-69FC-4733-BFB8-91132E9D536A}.Release|Any CPU.ActiveCfg = Release|Any CPU
		{EE59CDEE-69FC-4733-BFB8-91132E9D536A}.Release|Any CPU.Build.0 = Release|Any CPU
		{C76D741D-1877-4D0F-A476-812A8191FAC4}.Debug|Any CPU.ActiveCfg = Debug|Any CPU
		{C76D741D-1877-4D0F-A476-812A8191FAC4}.Debug|Any CPU.Build.0 = Debug|Any CPU
		{C76D741D-1877-4D0F-A476-812A8191FAC4}.Release|Any CPU.ActiveCfg = Release|Any CPU
		{C76D741D-1877-4D0F-A476-812A8191FAC4}.Release|Any CPU.Build.0 = Release|Any CPU
		{C2C2A178-1C0C-4022-87FA-43D1FD91C84F}.Debug|Any CPU.ActiveCfg = Debug|Any CPU
		{C2C2A178-1C0C-4022-87FA-43D1FD91C84F}.Debug|Any CPU.Build.0 = Debug|Any CPU
		{C2C2A178-1C0C-4022-87FA-43D1FD91C84F}.Release|Any CPU.ActiveCfg = Release|Any CPU
		{C2C2A178-1C0C-4022-87FA-43D1FD91C84F}.Release|Any CPU.Build.0 = Release|Any CPU
		{6FF71619-57D2-4842-9BD7-71CA0854AE64}.Debug|Any CPU.ActiveCfg = Debug|Any CPU
		{6FF71619-57D2-4842-9BD7-71CA0854AE64}.Debug|Any CPU.Build.0 = Debug|Any CPU
		{6FF71619-57D2-4842-9BD7-71CA0854AE64}.Release|Any CPU.ActiveCfg = Release|Any CPU
		{6FF71619-57D2-4842-9BD7-71CA0854AE64}.Release|Any CPU.Build.0 = Release|Any CPU
		{219587EF-6D62-41C5-9B70-A5CC3E4943CF}.Debug|Any CPU.ActiveCfg = Debug|Any CPU
		{219587EF-6D62-41C5-9B70-A5CC3E4943CF}.Debug|Any CPU.Build.0 = Debug|Any CPU
		{219587EF-6D62-41C5-9B70-A5CC3E4943CF}.Release|Any CPU.ActiveCfg = Release|Any CPU
		{219587EF-6D62-41C5-9B70-A5CC3E4943CF}.Release|Any CPU.Build.0 = Release|Any CPU
		{C411FC6A-552F-4D0F-9CFF-4DE518C58CF0}.Debug|Any CPU.ActiveCfg = Debug|Any CPU
		{C411FC6A-552F-4D0F-9CFF-4DE518C58CF0}.Debug|Any CPU.Build.0 = Debug|Any CPU
		{C411FC6A-552F-4D0F-9CFF-4DE518C58CF0}.Release|Any CPU.ActiveCfg = Release|Any CPU
		{C411FC6A-552F-4D0F-9CFF-4DE518C58CF0}.Release|Any CPU.Build.0 = Release|Any CPU
		{35EAB89A-21F7-4707-9F39-9E2CD16AC331}.Debug|Any CPU.ActiveCfg = Debug|Any CPU
		{35EAB89A-21F7-4707-9F39-9E2CD16AC331}.Debug|Any CPU.Build.0 = Debug|Any CPU
		{35EAB89A-21F7-4707-9F39-9E2CD16AC331}.Release|Any CPU.ActiveCfg = Release|Any CPU
		{35EAB89A-21F7-4707-9F39-9E2CD16AC331}.Release|Any CPU.Build.0 = Release|Any CPU
		{3480F29E-2F12-418D-A19B-547CEBE813F3}.Debug|Any CPU.ActiveCfg = Debug|Any CPU
		{3480F29E-2F12-418D-A19B-547CEBE813F3}.Debug|Any CPU.Build.0 = Debug|Any CPU
		{3480F29E-2F12-418D-A19B-547CEBE813F3}.Release|Any CPU.ActiveCfg = Release|Any CPU
		{3480F29E-2F12-418D-A19B-547CEBE813F3}.Release|Any CPU.Build.0 = Release|Any CPU
		{7B5FBE3A-0DA4-4871-A724-BD3C6E26E3D8}.Debug|Any CPU.ActiveCfg = Debug|Any CPU
		{7B5FBE3A-0DA4-4871-A724-BD3C6E26E3D8}.Debug|Any CPU.Build.0 = Debug|Any CPU
		{7B5FBE3A-0DA4-4871-A724-BD3C6E26E3D8}.Release|Any CPU.ActiveCfg = Release|Any CPU
		{7B5FBE3A-0DA4-4871-A724-BD3C6E26E3D8}.Release|Any CPU.Build.0 = Release|Any CPU
		{CAF16320-A274-413B-99BB-2FB7E5C22EFC}.Debug|Any CPU.ActiveCfg = Debug|Any CPU
		{CAF16320-A274-413B-99BB-2FB7E5C22EFC}.Debug|Any CPU.Build.0 = Debug|Any CPU
		{CAF16320-A274-413B-99BB-2FB7E5C22EFC}.Release|Any CPU.ActiveCfg = Release|Any CPU
		{CAF16320-A274-413B-99BB-2FB7E5C22EFC}.Release|Any CPU.Build.0 = Release|Any CPU
		{F1AED988-84E9-45C5-859B-5B86032D162E}.Debug|Any CPU.ActiveCfg = Debug|Any CPU
		{F1AED988-84E9-45C5-859B-5B86032D162E}.Debug|Any CPU.Build.0 = Debug|Any CPU
		{F1AED988-84E9-45C5-859B-5B86032D162E}.Release|Any CPU.ActiveCfg = Release|Any CPU
		{F1AED988-84E9-45C5-859B-5B86032D162E}.Release|Any CPU.Build.0 = Release|Any CPU
		{AF153ED8-85F8-47F0-889C-B2540DABD6C5}.Debug|Any CPU.ActiveCfg = Debug|Any CPU
		{AF153ED8-85F8-47F0-889C-B2540DABD6C5}.Debug|Any CPU.Build.0 = Debug|Any CPU
		{AF153ED8-85F8-47F0-889C-B2540DABD6C5}.Release|Any CPU.ActiveCfg = Release|Any CPU
		{AF153ED8-85F8-47F0-889C-B2540DABD6C5}.Release|Any CPU.Build.0 = Release|Any CPU
		{C49F54B8-36DB-47E0-9A37-1F84E39897DA}.Debug|Any CPU.ActiveCfg = Debug|Any CPU
		{C49F54B8-36DB-47E0-9A37-1F84E39897DA}.Debug|Any CPU.Build.0 = Debug|Any CPU
		{C49F54B8-36DB-47E0-9A37-1F84E39897DA}.Release|Any CPU.ActiveCfg = Release|Any CPU
		{C49F54B8-36DB-47E0-9A37-1F84E39897DA}.Release|Any CPU.Build.0 = Release|Any CPU
		{590E226C-F99D-42A4-8E74-24C84D794B91}.Debug|Any CPU.ActiveCfg = Debug|Any CPU
		{590E226C-F99D-42A4-8E74-24C84D794B91}.Debug|Any CPU.Build.0 = Debug|Any CPU
		{590E226C-F99D-42A4-8E74-24C84D794B91}.Release|Any CPU.ActiveCfg = Release|Any CPU
		{590E226C-F99D-42A4-8E74-24C84D794B91}.Release|Any CPU.Build.0 = Release|Any CPU
		{ED537FB4-6D95-42C1-B3EB-87DBBB3F12D2}.Debug|Any CPU.ActiveCfg = Debug|Any CPU
		{ED537FB4-6D95-42C1-B3EB-87DBBB3F12D2}.Debug|Any CPU.Build.0 = Debug|Any CPU
		{ED537FB4-6D95-42C1-B3EB-87DBBB3F12D2}.Release|Any CPU.ActiveCfg = Release|Any CPU
		{ED537FB4-6D95-42C1-B3EB-87DBBB3F12D2}.Release|Any CPU.Build.0 = Release|Any CPU
		{395D288F-EF29-40A1-8F6D-B0ED07FE10EA}.Debug|Any CPU.ActiveCfg = Debug|Any CPU
		{395D288F-EF29-40A1-8F6D-B0ED07FE10EA}.Debug|Any CPU.Build.0 = Debug|Any CPU
		{395D288F-EF29-40A1-8F6D-B0ED07FE10EA}.Release|Any CPU.ActiveCfg = Release|Any CPU
		{395D288F-EF29-40A1-8F6D-B0ED07FE10EA}.Release|Any CPU.Build.0 = Release|Any CPU
		{CB8303B8-05D3-4550-9BC7-94401C3BACD4}.Debug|Any CPU.ActiveCfg = Debug|Any CPU
		{CB8303B8-05D3-4550-9BC7-94401C3BACD4}.Debug|Any CPU.Build.0 = Debug|Any CPU
		{CB8303B8-05D3-4550-9BC7-94401C3BACD4}.Release|Any CPU.ActiveCfg = Release|Any CPU
		{CB8303B8-05D3-4550-9BC7-94401C3BACD4}.Release|Any CPU.Build.0 = Release|Any CPU
		{C004F2E7-43DF-44D6-8F46-B66ECB19CD7C}.Debug|Any CPU.ActiveCfg = Debug|Any CPU
		{C004F2E7-43DF-44D6-8F46-B66ECB19CD7C}.Debug|Any CPU.Build.0 = Debug|Any CPU
		{C004F2E7-43DF-44D6-8F46-B66ECB19CD7C}.Release|Any CPU.ActiveCfg = Release|Any CPU
		{C004F2E7-43DF-44D6-8F46-B66ECB19CD7C}.Release|Any CPU.Build.0 = Release|Any CPU
		{14B0741B-0181-442E-A3A3-D335932CD929}.Debug|Any CPU.ActiveCfg = Debug|Any CPU
		{14B0741B-0181-442E-A3A3-D335932CD929}.Debug|Any CPU.Build.0 = Debug|Any CPU
		{14B0741B-0181-442E-A3A3-D335932CD929}.Release|Any CPU.ActiveCfg = Release|Any CPU
		{14B0741B-0181-442E-A3A3-D335932CD929}.Release|Any CPU.Build.0 = Release|Any CPU
		{3424B2D3-5753-4EB4-B9CA-5EF92A2F961A}.Debug|Any CPU.ActiveCfg = Debug|Any CPU
		{3424B2D3-5753-4EB4-B9CA-5EF92A2F961A}.Debug|Any CPU.Build.0 = Debug|Any CPU
		{3424B2D3-5753-4EB4-B9CA-5EF92A2F961A}.Release|Any CPU.ActiveCfg = Release|Any CPU
		{3424B2D3-5753-4EB4-B9CA-5EF92A2F961A}.Release|Any CPU.Build.0 = Release|Any CPU
		{78260FCB-D151-4375-B148-88CFF8C161AC}.Debug|Any CPU.ActiveCfg = Debug|Any CPU
		{78260FCB-D151-4375-B148-88CFF8C161AC}.Debug|Any CPU.Build.0 = Debug|Any CPU
		{78260FCB-D151-4375-B148-88CFF8C161AC}.Release|Any CPU.ActiveCfg = Release|Any CPU
		{78260FCB-D151-4375-B148-88CFF8C161AC}.Release|Any CPU.Build.0 = Release|Any CPU
		{0985F528-D612-4939-816D-327AF82FB0D8}.Debug|Any CPU.ActiveCfg = Debug|Any CPU
		{0985F528-D612-4939-816D-327AF82FB0D8}.Debug|Any CPU.Build.0 = Debug|Any CPU
		{0985F528-D612-4939-816D-327AF82FB0D8}.Release|Any CPU.ActiveCfg = Release|Any CPU
		{0985F528-D612-4939-816D-327AF82FB0D8}.Release|Any CPU.Build.0 = Release|Any CPU
		{1ED695BE-ACF5-4EDA-B011-AF7E027944E4}.Debug|Any CPU.ActiveCfg = Debug|Any CPU
		{1ED695BE-ACF5-4EDA-B011-AF7E027944E4}.Debug|Any CPU.Build.0 = Debug|Any CPU
		{1ED695BE-ACF5-4EDA-B011-AF7E027944E4}.Release|Any CPU.ActiveCfg = Release|Any CPU
		{1ED695BE-ACF5-4EDA-B011-AF7E027944E4}.Release|Any CPU.Build.0 = Release|Any CPU
		{5E3F712B-CDEE-4C1F-B8FF-B79AF4E1EF39}.Debug|Any CPU.ActiveCfg = Debug|Any CPU
		{5E3F712B-CDEE-4C1F-B8FF-B79AF4E1EF39}.Debug|Any CPU.Build.0 = Debug|Any CPU
		{5E3F712B-CDEE-4C1F-B8FF-B79AF4E1EF39}.Release|Any CPU.ActiveCfg = Release|Any CPU
		{5E3F712B-CDEE-4C1F-B8FF-B79AF4E1EF39}.Release|Any CPU.Build.0 = Release|Any CPU
		{7D201275-096D-48DB-8F5F-DC3CC3BDE044}.Debug|Any CPU.ActiveCfg = Debug|Any CPU
		{7D201275-096D-48DB-8F5F-DC3CC3BDE044}.Debug|Any CPU.Build.0 = Debug|Any CPU
		{7D201275-096D-48DB-8F5F-DC3CC3BDE044}.Release|Any CPU.ActiveCfg = Release|Any CPU
		{7D201275-096D-48DB-8F5F-DC3CC3BDE044}.Release|Any CPU.Build.0 = Release|Any CPU
		{9D4F0CB1-CC35-4A39-B741-60279B23CA30}.Debug|Any CPU.ActiveCfg = Debug|Any CPU
		{9D4F0CB1-CC35-4A39-B741-60279B23CA30}.Debug|Any CPU.Build.0 = Debug|Any CPU
		{9D4F0CB1-CC35-4A39-B741-60279B23CA30}.Release|Any CPU.ActiveCfg = Release|Any CPU
		{9D4F0CB1-CC35-4A39-B741-60279B23CA30}.Release|Any CPU.Build.0 = Release|Any CPU
		{9AC5A049-8DD8-4F10-8E1E-3DD4855FE164}.Debug|Any CPU.ActiveCfg = Debug|Any CPU
		{9AC5A049-8DD8-4F10-8E1E-3DD4855FE164}.Debug|Any CPU.Build.0 = Debug|Any CPU
		{9AC5A049-8DD8-4F10-8E1E-3DD4855FE164}.Release|Any CPU.ActiveCfg = Release|Any CPU
		{9AC5A049-8DD8-4F10-8E1E-3DD4855FE164}.Release|Any CPU.Build.0 = Release|Any CPU
		{782F510B-A89D-467C-BE6A-2B70EB1FFA17}.Debug|Any CPU.ActiveCfg = Debug|Any CPU
		{782F510B-A89D-467C-BE6A-2B70EB1FFA17}.Debug|Any CPU.Build.0 = Debug|Any CPU
		{782F510B-A89D-467C-BE6A-2B70EB1FFA17}.Release|Any CPU.ActiveCfg = Release|Any CPU
		{782F510B-A89D-467C-BE6A-2B70EB1FFA17}.Release|Any CPU.Build.0 = Release|Any CPU
		{5000B106-EC3B-41BD-893C-085EC5B185CD}.Debug|Any CPU.ActiveCfg = Debug|Any CPU
		{5000B106-EC3B-41BD-893C-085EC5B185CD}.Debug|Any CPU.Build.0 = Debug|Any CPU
		{5000B106-EC3B-41BD-893C-085EC5B185CD}.Release|Any CPU.ActiveCfg = Release|Any CPU
		{5000B106-EC3B-41BD-893C-085EC5B185CD}.Release|Any CPU.Build.0 = Release|Any CPU
		{6218A287-9190-4036-9621-DA9EBDA6F418}.Debug|Any CPU.ActiveCfg = Debug|Any CPU
		{6218A287-9190-4036-9621-DA9EBDA6F418}.Debug|Any CPU.Build.0 = Debug|Any CPU
		{6218A287-9190-4036-9621-DA9EBDA6F418}.Release|Any CPU.ActiveCfg = Release|Any CPU
		{6218A287-9190-4036-9621-DA9EBDA6F418}.Release|Any CPU.Build.0 = Release|Any CPU
		{7AA08F35-C1F1-412C-B926-0E1313353980}.Debug|Any CPU.ActiveCfg = Debug|Any CPU
		{7AA08F35-C1F1-412C-B926-0E1313353980}.Debug|Any CPU.Build.0 = Debug|Any CPU
		{7AA08F35-C1F1-412C-B926-0E1313353980}.Release|Any CPU.ActiveCfg = Release|Any CPU
		{7AA08F35-C1F1-412C-B926-0E1313353980}.Release|Any CPU.Build.0 = Release|Any CPU
		{AA562DA7-1347-470B-B566-3FDC1D678807}.Debug|Any CPU.ActiveCfg = Debug|Any CPU
		{AA562DA7-1347-470B-B566-3FDC1D678807}.Debug|Any CPU.Build.0 = Debug|Any CPU
		{AA562DA7-1347-470B-B566-3FDC1D678807}.Release|Any CPU.ActiveCfg = Release|Any CPU
		{AA562DA7-1347-470B-B566-3FDC1D678807}.Release|Any CPU.Build.0 = Release|Any CPU
		{CDE599A2-C88F-42F7-9848-C3B7A4A073AB}.Debug|Any CPU.ActiveCfg = Debug|Any CPU
		{CDE599A2-C88F-42F7-9848-C3B7A4A073AB}.Debug|Any CPU.Build.0 = Debug|Any CPU
		{CDE599A2-C88F-42F7-9848-C3B7A4A073AB}.Release|Any CPU.ActiveCfg = Release|Any CPU
		{CDE599A2-C88F-42F7-9848-C3B7A4A073AB}.Release|Any CPU.Build.0 = Release|Any CPU
		{1FCD2A92-5863-4DDB-AEB3-5CA20DD9210C}.Debug|Any CPU.ActiveCfg = Debug|Any CPU
		{1FCD2A92-5863-4DDB-AEB3-5CA20DD9210C}.Debug|Any CPU.Build.0 = Debug|Any CPU
		{1FCD2A92-5863-4DDB-AEB3-5CA20DD9210C}.Release|Any CPU.ActiveCfg = Release|Any CPU
		{1FCD2A92-5863-4DDB-AEB3-5CA20DD9210C}.Release|Any CPU.Build.0 = Release|Any CPU
		{551ED7C8-AAB2-4A9A-AE2A-DA64F8324268}.Debug|Any CPU.ActiveCfg = Debug|Any CPU
		{551ED7C8-AAB2-4A9A-AE2A-DA64F8324268}.Debug|Any CPU.Build.0 = Debug|Any CPU
		{551ED7C8-AAB2-4A9A-AE2A-DA64F8324268}.Release|Any CPU.ActiveCfg = Release|Any CPU
		{551ED7C8-AAB2-4A9A-AE2A-DA64F8324268}.Release|Any CPU.Build.0 = Release|Any CPU
		{C7B6B6BD-41C3-43DE-AABF-87FC666329D0}.Debug|Any CPU.ActiveCfg = Debug|Any CPU
		{C7B6B6BD-41C3-43DE-AABF-87FC666329D0}.Debug|Any CPU.Build.0 = Debug|Any CPU
		{C7B6B6BD-41C3-43DE-AABF-87FC666329D0}.Release|Any CPU.ActiveCfg = Release|Any CPU
		{C7B6B6BD-41C3-43DE-AABF-87FC666329D0}.Release|Any CPU.Build.0 = Release|Any CPU
		{D04427DC-CACD-41B7-B10C-E6DEC434FECE}.Debug|Any CPU.ActiveCfg = Debug|Any CPU
		{D04427DC-CACD-41B7-B10C-E6DEC434FECE}.Debug|Any CPU.Build.0 = Debug|Any CPU
		{D04427DC-CACD-41B7-B10C-E6DEC434FECE}.Release|Any CPU.ActiveCfg = Release|Any CPU
		{D04427DC-CACD-41B7-B10C-E6DEC434FECE}.Release|Any CPU.Build.0 = Release|Any CPU
		{9C8D87DC-E72D-48F2-B315-D478E455598C}.Debug|Any CPU.ActiveCfg = Debug|Any CPU
		{9C8D87DC-E72D-48F2-B315-D478E455598C}.Debug|Any CPU.Build.0 = Debug|Any CPU
		{9C8D87DC-E72D-48F2-B315-D478E455598C}.Release|Any CPU.ActiveCfg = Release|Any CPU
		{9C8D87DC-E72D-48F2-B315-D478E455598C}.Release|Any CPU.Build.0 = Release|Any CPU
		{E0587930-3EC2-4476-A26D-909EF4D30BF5}.Debug|Any CPU.ActiveCfg = Debug|Any CPU
		{E0587930-3EC2-4476-A26D-909EF4D30BF5}.Debug|Any CPU.Build.0 = Debug|Any CPU
		{E0587930-3EC2-4476-A26D-909EF4D30BF5}.Release|Any CPU.ActiveCfg = Release|Any CPU
		{E0587930-3EC2-4476-A26D-909EF4D30BF5}.Release|Any CPU.Build.0 = Release|Any CPU
		{78F51D84-48ED-4FB9-9F1F-40A27BC64E6E}.Debug|Any CPU.ActiveCfg = Debug|Any CPU
		{78F51D84-48ED-4FB9-9F1F-40A27BC64E6E}.Debug|Any CPU.Build.0 = Debug|Any CPU
		{78F51D84-48ED-4FB9-9F1F-40A27BC64E6E}.Release|Any CPU.ActiveCfg = Release|Any CPU
		{78F51D84-48ED-4FB9-9F1F-40A27BC64E6E}.Release|Any CPU.Build.0 = Release|Any CPU
		{214B0A76-EC78-4079-B80F-48FF3E73C2FD}.Debug|Any CPU.ActiveCfg = Debug|Any CPU
		{214B0A76-EC78-4079-B80F-48FF3E73C2FD}.Debug|Any CPU.Build.0 = Debug|Any CPU
		{214B0A76-EC78-4079-B80F-48FF3E73C2FD}.Release|Any CPU.ActiveCfg = Release|Any CPU
		{214B0A76-EC78-4079-B80F-48FF3E73C2FD}.Release|Any CPU.Build.0 = Release|Any CPU
		{04FC0E9D-E39E-4E7C-A4E5-12BC7D1EEED8}.Debug|Any CPU.ActiveCfg = Debug|Any CPU
		{04FC0E9D-E39E-4E7C-A4E5-12BC7D1EEED8}.Debug|Any CPU.Build.0 = Debug|Any CPU
		{04FC0E9D-E39E-4E7C-A4E5-12BC7D1EEED8}.Release|Any CPU.ActiveCfg = Release|Any CPU
		{04FC0E9D-E39E-4E7C-A4E5-12BC7D1EEED8}.Release|Any CPU.Build.0 = Release|Any CPU
		{46AE24B8-885A-4BCE-9DA0-F3EFA2D9E4D0}.Debug|Any CPU.ActiveCfg = Debug|Any CPU
		{46AE24B8-885A-4BCE-9DA0-F3EFA2D9E4D0}.Debug|Any CPU.Build.0 = Debug|Any CPU
		{46AE24B8-885A-4BCE-9DA0-F3EFA2D9E4D0}.Release|Any CPU.ActiveCfg = Release|Any CPU
		{46AE24B8-885A-4BCE-9DA0-F3EFA2D9E4D0}.Release|Any CPU.Build.0 = Release|Any CPU
		{AECDE492-B4DE-41EB-BE68-3C6F0152F1CD}.Debug|Any CPU.ActiveCfg = Debug|Any CPU
		{AECDE492-B4DE-41EB-BE68-3C6F0152F1CD}.Debug|Any CPU.Build.0 = Debug|Any CPU
		{AECDE492-B4DE-41EB-BE68-3C6F0152F1CD}.Release|Any CPU.ActiveCfg = Release|Any CPU
		{AECDE492-B4DE-41EB-BE68-3C6F0152F1CD}.Release|Any CPU.Build.0 = Release|Any CPU
		{687009CF-BE1C-424B-81F3-3DD442A7A50D}.Debug|Any CPU.ActiveCfg = Debug|Any CPU
		{687009CF-BE1C-424B-81F3-3DD442A7A50D}.Debug|Any CPU.Build.0 = Debug|Any CPU
		{687009CF-BE1C-424B-81F3-3DD442A7A50D}.Release|Any CPU.ActiveCfg = Release|Any CPU
		{687009CF-BE1C-424B-81F3-3DD442A7A50D}.Release|Any CPU.Build.0 = Release|Any CPU
		{A8BD8135-1BE6-443E-A125-B2E541E7C056}.Debug|Any CPU.ActiveCfg = Debug|Any CPU
		{A8BD8135-1BE6-443E-A125-B2E541E7C056}.Debug|Any CPU.Build.0 = Debug|Any CPU
		{A8BD8135-1BE6-443E-A125-B2E541E7C056}.Release|Any CPU.ActiveCfg = Release|Any CPU
		{A8BD8135-1BE6-443E-A125-B2E541E7C056}.Release|Any CPU.Build.0 = Release|Any CPU
		{E6D7FAF0-AEE9-4DA5-83DC-55CB96BFBD06}.Debug|Any CPU.ActiveCfg = Debug|Any CPU
		{E6D7FAF0-AEE9-4DA5-83DC-55CB96BFBD06}.Debug|Any CPU.Build.0 = Debug|Any CPU
		{E6D7FAF0-AEE9-4DA5-83DC-55CB96BFBD06}.Release|Any CPU.ActiveCfg = Release|Any CPU
		{E6D7FAF0-AEE9-4DA5-83DC-55CB96BFBD06}.Release|Any CPU.Build.0 = Release|Any CPU
		{22FA9F47-4C84-482E-9352-33825725B1CE}.Debug|Any CPU.ActiveCfg = Debug|Any CPU
		{22FA9F47-4C84-482E-9352-33825725B1CE}.Debug|Any CPU.Build.0 = Debug|Any CPU
		{22FA9F47-4C84-482E-9352-33825725B1CE}.Release|Any CPU.ActiveCfg = Release|Any CPU
		{22FA9F47-4C84-482E-9352-33825725B1CE}.Release|Any CPU.Build.0 = Release|Any CPU
		{704D8066-5F2A-4FBE-A506-5E6C83CFE9F4}.Debug|Any CPU.ActiveCfg = Debug|Any CPU
		{704D8066-5F2A-4FBE-A506-5E6C83CFE9F4}.Debug|Any CPU.Build.0 = Debug|Any CPU
		{704D8066-5F2A-4FBE-A506-5E6C83CFE9F4}.Release|Any CPU.ActiveCfg = Release|Any CPU
		{704D8066-5F2A-4FBE-A506-5E6C83CFE9F4}.Release|Any CPU.Build.0 = Release|Any CPU
		{663C346F-0D98-43AD-8591-16B607E7CF3F}.Debug|Any CPU.ActiveCfg = Debug|Any CPU
		{663C346F-0D98-43AD-8591-16B607E7CF3F}.Debug|Any CPU.Build.0 = Debug|Any CPU
		{663C346F-0D98-43AD-8591-16B607E7CF3F}.Release|Any CPU.ActiveCfg = Release|Any CPU
		{663C346F-0D98-43AD-8591-16B607E7CF3F}.Release|Any CPU.Build.0 = Release|Any CPU
	EndGlobalSection
	GlobalSection(SolutionProperties) = preSolution
		HideSolutionNode = FALSE
	EndGlobalSection
	GlobalSection(NestedProjects) = preSolution
		{10C5242E-BFEF-4EBC-8994-0B86ABAD11C2} = {14F8F406-7E23-4A19-9FD6-3BEEC5E560D4}
		{FA98EB26-6D4C-4798-909D-1A819DC2BF8D} = {14F8F406-7E23-4A19-9FD6-3BEEC5E560D4}
		{BED9D1ED-9EF2-42CA-92AC-6560F8160E3E} = {A42A62A6-4CDD-4EDA-B6FB-DD30D822399B}
		{06038053-339C-41E7-8D81-E74124B92D55} = {A42A62A6-4CDD-4EDA-B6FB-DD30D822399B}
		{8BF22CC9-F6FC-4FE6-9B2B-FBC2A9829B2D} = {F6426D58-178C-4415-AADD-8575578643B5}
		{172667C4-DAE6-4635-BABC-8474FCF1A1C3} = {F6426D58-178C-4415-AADD-8575578643B5}
		{9D302E61-95A1-417F-BE6A-EACDE5BC2A06} = {43FDBF2B-347A-4FBE-88CF-D06D315D6F39}
		{9ADCE67A-00C0-4AF1-A0F7-FCF42FA72929} = {43FDBF2B-347A-4FBE-88CF-D06D315D6F39}
		{3BBA02C1-6DED-4D1B-8752-CD4472CFD44E} = {0E2D70CF-C3FA-42E2-A166-5B98EC9571E4}
		{7C87AE33-166C-43E9-9EFA-D7568AC6C653} = {0E2D70CF-C3FA-42E2-A166-5B98EC9571E4}
		{EE59CDEE-69FC-4733-BFB8-91132E9D536A} = {6841F03C-BD8B-44DB-9422-5DDFD5068FD5}
		{C76D741D-1877-4D0F-A476-812A8191FAC4} = {6841F03C-BD8B-44DB-9422-5DDFD5068FD5}
		{C2C2A178-1C0C-4022-87FA-43D1FD91C84F} = {3868E12D-0876-4F05-8EC8-A0BAB0793823}
		{6FF71619-57D2-4842-9BD7-71CA0854AE64} = {3868E12D-0876-4F05-8EC8-A0BAB0793823}
		{219587EF-6D62-41C5-9B70-A5CC3E4943CF} = {44A40C36-1984-4DCE-9B44-291E66B82F42}
		{C411FC6A-552F-4D0F-9CFF-4DE518C58CF0} = {44A40C36-1984-4DCE-9B44-291E66B82F42}
		{35EAB89A-21F7-4707-9F39-9E2CD16AC331} = {BAD4D0F6-17EF-465B-9F82-7CA807C94767}
		{3480F29E-2F12-418D-A19B-547CEBE813F3} = {BAD4D0F6-17EF-465B-9F82-7CA807C94767}
		{7B5FBE3A-0DA4-4871-A724-BD3C6E26E3D8} = {81977F6C-9F8E-46E8-AA84-C4FC3B439660}
		{CAF16320-A274-413B-99BB-2FB7E5C22EFC} = {81977F6C-9F8E-46E8-AA84-C4FC3B439660}
		{F1AED988-84E9-45C5-859B-5B86032D162E} = {F8F45D08-6135-4045-9BB1-A96B66C9D280}
		{AF153ED8-85F8-47F0-889C-B2540DABD6C5} = {F8F45D08-6135-4045-9BB1-A96B66C9D280}
		{C49F54B8-36DB-47E0-9A37-1F84E39897DA} = {E804F443-FADC-4047-AB19-392035675614}
		{590E226C-F99D-42A4-8E74-24C84D794B91} = {E804F443-FADC-4047-AB19-392035675614}
		{ED537FB4-6D95-42C1-B3EB-87DBBB3F12D2} = {AD3DFB03-AFA7-4B3D-9D25-E85999D1A978}
		{395D288F-EF29-40A1-8F6D-B0ED07FE10EA} = {AD3DFB03-AFA7-4B3D-9D25-E85999D1A978}
		{CB8303B8-05D3-4550-9BC7-94401C3BACD4} = {946C5B80-E5E4-4393-9A5D-D87CDEAEDCFF}
		{C004F2E7-43DF-44D6-8F46-B66ECB19CD7C} = {946C5B80-E5E4-4393-9A5D-D87CDEAEDCFF}
		{14B0741B-0181-442E-A3A3-D335932CD929} = {56364053-64F3-4A91-AB37-C1DE1DDDAC92}
		{3424B2D3-5753-4EB4-B9CA-5EF92A2F961A} = {56364053-64F3-4A91-AB37-C1DE1DDDAC92}
		{78260FCB-D151-4375-B148-88CFF8C161AC} = {14F8F406-7E23-4A19-9FD6-3BEEC5E560D4}
		{0985F528-D612-4939-816D-327AF82FB0D8} = {A3804D3B-D560-4CF7-8B04-B3A768BFA510}
		{1ED695BE-ACF5-4EDA-B011-AF7E027944E4} = {A3804D3B-D560-4CF7-8B04-B3A768BFA510}
		{5E3F712B-CDEE-4C1F-B8FF-B79AF4E1EF39} = {6431BFD6-8B65-4D20-82CD-5B715FC8F3B4}
		{7D201275-096D-48DB-8F5F-DC3CC3BDE044} = {6431BFD6-8B65-4D20-82CD-5B715FC8F3B4}
		{9D4F0CB1-CC35-4A39-B741-60279B23CA30} = {E7D00C4B-17AE-4A07-BAF8-54E475AD047D}
		{9AC5A049-8DD8-4F10-8E1E-3DD4855FE164} = {E7D00C4B-17AE-4A07-BAF8-54E475AD047D}
		{782F510B-A89D-467C-BE6A-2B70EB1FFA17} = {2A33510E-51D0-4A25-BD6C-B62570F114FF}
		{5000B106-EC3B-41BD-893C-085EC5B185CD} = {2A33510E-51D0-4A25-BD6C-B62570F114FF}
		{6218A287-9190-4036-9621-DA9EBDA6F418} = {8B02493D-8792-4B72-BE6B-3536FF7E4E33}
		{7AA08F35-C1F1-412C-B926-0E1313353980} = {8B02493D-8792-4B72-BE6B-3536FF7E4E33}
		{AA562DA7-1347-470B-B566-3FDC1D678807} = {ECAC9CA6-FAF5-4CA0-967D-D114044D3BC6}
		{CDE599A2-C88F-42F7-9848-C3B7A4A073AB} = {ECAC9CA6-FAF5-4CA0-967D-D114044D3BC6}
		{1FCD2A92-5863-4DDB-AEB3-5CA20DD9210C} = {E6EF969A-2984-4911-A6C2-3EBCC8F79D5F}
		{551ED7C8-AAB2-4A9A-AE2A-DA64F8324268} = {E6EF969A-2984-4911-A6C2-3EBCC8F79D5F}
		{C7B6B6BD-41C3-43DE-AABF-87FC666329D0} = {FB53256C-546E-4D67-84EB-94696FECD853}
		{D04427DC-CACD-41B7-B10C-E6DEC434FECE} = {FB53256C-546E-4D67-84EB-94696FECD853}
		{9C8D87DC-E72D-48F2-B315-D478E455598C} = {975FBE3F-0709-47BF-90CC-31E0C1485FF4}
		{E0587930-3EC2-4476-A26D-909EF4D30BF5} = {0FA9F4D3-A74D-49C7-82C2-EDA17783B860}
		{78F51D84-48ED-4FB9-9F1F-40A27BC64E6E} = {975FBE3F-0709-47BF-90CC-31E0C1485FF4}
		{214B0A76-EC78-4079-B80F-48FF3E73C2FD} = {14F8F406-7E23-4A19-9FD6-3BEEC5E560D4}
		{04FC0E9D-E39E-4E7C-A4E5-12BC7D1EEED8} = {A42A62A6-4CDD-4EDA-B6FB-DD30D822399B}
		{46AE24B8-885A-4BCE-9DA0-F3EFA2D9E4D0} = {A42A62A6-4CDD-4EDA-B6FB-DD30D822399B}
		{AECDE492-B4DE-41EB-BE68-3C6F0152F1CD} = {F6426D58-178C-4415-AADD-8575578643B5}
		{687009CF-BE1C-424B-81F3-3DD442A7A50D} = {F6426D58-178C-4415-AADD-8575578643B5}
		{A8BD8135-1BE6-443E-A125-B2E541E7C056} = {43FDBF2B-347A-4FBE-88CF-D06D315D6F39}
		{E6D7FAF0-AEE9-4DA5-83DC-55CB96BFBD06} = {43FDBF2B-347A-4FBE-88CF-D06D315D6F39}
		{22FA9F47-4C84-482E-9352-33825725B1CE} = {0E2D70CF-C3FA-42E2-A166-5B98EC9571E4}
		{704D8066-5F2A-4FBE-A506-5E6C83CFE9F4} = {0E2D70CF-C3FA-42E2-A166-5B98EC9571E4}
		{663C346F-0D98-43AD-8591-16B607E7CF3F} = {6841F03C-BD8B-44DB-9422-5DDFD5068FD5}
	EndGlobalSection
	GlobalSection(ExtensibilityGlobals) = postSolution
		SolutionGuid = {1C4BE144-821F-4FBC-8408-105B9CFB2711}
	EndGlobalSection
EndGlobal
